
Microsoft Visual Studio Solution File, Format Version 12.00
Project("{FAE04EC0-301F-11D3-BF4B-00C04F79EFBC}") = "Horse.Mvc", "Horse.Mvc\Horse.Mvc.csproj", "{EB8387F8-B271-45E2-8B04-DBAB4F4CD543}"
EndProject
Project("{FAE04EC0-301F-11D3-BF4B-00C04F79EFBC}") = "Horse.Mvc.Auth.Jwt", "Horse.Mvc.Auth.Jwt\Horse.Mvc.Auth.Jwt.csproj", "{8DDA3F9D-A0AA-4F7C-AE76-717EA5B0E75D}"
EndProject
Project("{FAE04EC0-301F-11D3-BF4B-00C04F79EFBC}") = "Horse.Protocols.Http", "Horse.Protocols.Http\Horse.Protocols.Http.csproj", "{DE59D175-C0EF-4B03-A747-E3E61BFEBC4B}"
EndProject
Project("{2150E333-8FDC-42A3-9474-1A3956D46DE8}") = "Samples", "Samples", "{881863CE-3207-4E39-9E32-A27EB3B5570F}"
EndProject
Project("{2150E333-8FDC-42A3-9474-1A3956D46DE8}") = "Tests", "Tests", "{503E88B0-4D42-4790-8A25-9CB332B0C7F4}"
EndProject
Project("{FAE04EC0-301F-11D3-BF4B-00C04F79EFBC}") = "Sample.Http.Server", "Samples\Sample.Http.Server\Sample.Http.Server.csproj", "{E3AB22AA-E5EA-4507-874A-A39673CB999A}"
EndProject
Project("{FAE04EC0-301F-11D3-BF4B-00C04F79EFBC}") = "Sample.Mvc", "Samples\Sample.Mvc\Sample.Mvc.csproj", "{6A9604DE-1420-4939-AD62-638C6082E6DC}"
EndProject
Project("{FAE04EC0-301F-11D3-BF4B-00C04F79EFBC}") = "Test.Http", "Tests\Test.Http\Test.Http.csproj", "{FC19F41D-E3BB-49F8-8406-FE3FCEAE755D}"
EndProject
Project("{FAE04EC0-301F-11D3-BF4B-00C04F79EFBC}") = "Test.Mvc", "Tests\Test.Mvc\Test.Mvc.csproj", "{CA76CCFE-9A8E-43BB-A121-C554C0EE4003}"
EndProject
Project("{FAE04EC0-301F-11D3-BF4B-00C04F79EFBC}") = "Test.Mvc.Auth.Jwt", "Tests\Test.Mvc.Auth.Jwt\Test.Mvc.Auth.Jwt.csproj", "{D28F151C-2870-412B-B3BF-5CC04AB773E3}"
EndProject
Project("{2150E333-8FDC-42A3-9474-1A3956D46DE8}") = "Benchmarks", "Benchmarks", "{B160BB05-7B99-42E1-9D69-4A2705A89DEF}"
EndProject
Project("{2150E333-8FDC-42A3-9474-1A3956D46DE8}") = "Http", "Http", "{56350C64-D9F9-40CA-B3CD-D86C19243913}"
EndProject
Project("{2150E333-8FDC-42A3-9474-1A3956D46DE8}") = "Mvc", "Mvc", "{1985D6C8-1869-4A35-AF56-5CCFFFD691E3}"
EndProject
Project("{FAE04EC0-301F-11D3-BF4B-00C04F79EFBC}") = "Benchmark.Json", "Benchmarks\Http\Benchmark.Json\Benchmark.Json.csproj", "{BD3A60A0-8373-4512-8C56-AD5E4AB1B1B1}"
EndProject
Project("{FAE04EC0-301F-11D3-BF4B-00C04F79EFBC}") = "Benchmark.PlainText", "Benchmarks\Http\Benchmark.PlainText\Benchmark.PlainText.csproj", "{D2EA13C2-D6C2-4F99-9BF6-37C6BB3011A2}"
EndProject
Project("{FAE04EC0-301F-11D3-BF4B-00C04F79EFBC}") = "Benchmark.Mvc.Json", "Benchmarks\Mvc\Benchmark.Mvc.Json\Benchmark.Mvc.Json.csproj", "{99C459C0-1470-42FE-8977-A89C3E12702D}"
EndProject
Project("{FAE04EC0-301F-11D3-BF4B-00C04F79EFBC}") = "Benchmark.Mvc.PlainText", "Benchmarks\Mvc\Benchmark.Mvc.PlainText\Benchmark.Mvc.PlainText.csproj", "{00CF0473-F9B3-469F-82E4-7E51908CC087}"
EndProject
Global
	GlobalSection(SolutionConfigurationPlatforms) = preSolution
		Debug|Any CPU = Debug|Any CPU
		Release|Any CPU = Release|Any CPU
	EndGlobalSection
	GlobalSection(ProjectConfigurationPlatforms) = postSolution
		{EB8387F8-B271-45E2-8B04-DBAB4F4CD543}.Debug|Any CPU.ActiveCfg = Debug|Any CPU
		{EB8387F8-B271-45E2-8B04-DBAB4F4CD543}.Debug|Any CPU.Build.0 = Debug|Any CPU
		{EB8387F8-B271-45E2-8B04-DBAB4F4CD543}.Release|Any CPU.ActiveCfg = Release|Any CPU
		{EB8387F8-B271-45E2-8B04-DBAB4F4CD543}.Release|Any CPU.Build.0 = Release|Any CPU
		{8DDA3F9D-A0AA-4F7C-AE76-717EA5B0E75D}.Debug|Any CPU.ActiveCfg = Debug|Any CPU
		{8DDA3F9D-A0AA-4F7C-AE76-717EA5B0E75D}.Debug|Any CPU.Build.0 = Debug|Any CPU
		{8DDA3F9D-A0AA-4F7C-AE76-717EA5B0E75D}.Release|Any CPU.ActiveCfg = Release|Any CPU
		{8DDA3F9D-A0AA-4F7C-AE76-717EA5B0E75D}.Release|Any CPU.Build.0 = Release|Any CPU
		{DE59D175-C0EF-4B03-A747-E3E61BFEBC4B}.Debug|Any CPU.ActiveCfg = Debug|Any CPU
		{DE59D175-C0EF-4B03-A747-E3E61BFEBC4B}.Debug|Any CPU.Build.0 = Debug|Any CPU
		{DE59D175-C0EF-4B03-A747-E3E61BFEBC4B}.Release|Any CPU.ActiveCfg = Release|Any CPU
		{DE59D175-C0EF-4B03-A747-E3E61BFEBC4B}.Release|Any CPU.Build.0 = Release|Any CPU
		{E3AB22AA-E5EA-4507-874A-A39673CB999A}.Debug|Any CPU.ActiveCfg = Debug|Any CPU
		{E3AB22AA-E5EA-4507-874A-A39673CB999A}.Debug|Any CPU.Build.0 = Debug|Any CPU
		{E3AB22AA-E5EA-4507-874A-A39673CB999A}.Release|Any CPU.ActiveCfg = Release|Any CPU
		{E3AB22AA-E5EA-4507-874A-A39673CB999A}.Release|Any CPU.Build.0 = Release|Any CPU
		{6A9604DE-1420-4939-AD62-638C6082E6DC}.Debug|Any CPU.ActiveCfg = Debug|Any CPU
		{6A9604DE-1420-4939-AD62-638C6082E6DC}.Debug|Any CPU.Build.0 = Debug|Any CPU
		{6A9604DE-1420-4939-AD62-638C6082E6DC}.Release|Any CPU.ActiveCfg = Release|Any CPU
		{6A9604DE-1420-4939-AD62-638C6082E6DC}.Release|Any CPU.Build.0 = Release|Any CPU
		{FC19F41D-E3BB-49F8-8406-FE3FCEAE755D}.Debug|Any CPU.ActiveCfg = Debug|Any CPU
		{FC19F41D-E3BB-49F8-8406-FE3FCEAE755D}.Debug|Any CPU.Build.0 = Debug|Any CPU
		{FC19F41D-E3BB-49F8-8406-FE3FCEAE755D}.Release|Any CPU.ActiveCfg = Release|Any CPU
		{FC19F41D-E3BB-49F8-8406-FE3FCEAE755D}.Release|Any CPU.Build.0 = Release|Any CPU
		{CA76CCFE-9A8E-43BB-A121-C554C0EE4003}.Debug|Any CPU.ActiveCfg = Debug|Any CPU
		{CA76CCFE-9A8E-43BB-A121-C554C0EE4003}.Debug|Any CPU.Build.0 = Debug|Any CPU
		{CA76CCFE-9A8E-43BB-A121-C554C0EE4003}.Release|Any CPU.ActiveCfg = Release|Any CPU
		{CA76CCFE-9A8E-43BB-A121-C554C0EE4003}.Release|Any CPU.Build.0 = Release|Any CPU
		{D28F151C-2870-412B-B3BF-5CC04AB773E3}.Debug|Any CPU.ActiveCfg = Debug|Any CPU
		{D28F151C-2870-412B-B3BF-5CC04AB773E3}.Debug|Any CPU.Build.0 = Debug|Any CPU
		{D28F151C-2870-412B-B3BF-5CC04AB773E3}.Release|Any CPU.ActiveCfg = Release|Any CPU
		{D28F151C-2870-412B-B3BF-5CC04AB773E3}.Release|Any CPU.Build.0 = Release|Any CPU
		{BD3A60A0-8373-4512-8C56-AD5E4AB1B1B1}.Debug|Any CPU.ActiveCfg = Debug|Any CPU
		{BD3A60A0-8373-4512-8C56-AD5E4AB1B1B1}.Debug|Any CPU.Build.0 = Debug|Any CPU
		{BD3A60A0-8373-4512-8C56-AD5E4AB1B1B1}.Release|Any CPU.ActiveCfg = Release|Any CPU
		{BD3A60A0-8373-4512-8C56-AD5E4AB1B1B1}.Release|Any CPU.Build.0 = Release|Any CPU
		{D2EA13C2-D6C2-4F99-9BF6-37C6BB3011A2}.Debug|Any CPU.ActiveCfg = Debug|Any CPU
		{D2EA13C2-D6C2-4F99-9BF6-37C6BB3011A2}.Debug|Any CPU.Build.0 = Debug|Any CPU
		{D2EA13C2-D6C2-4F99-9BF6-37C6BB3011A2}.Release|Any CPU.ActiveCfg = Release|Any CPU
		{D2EA13C2-D6C2-4F99-9BF6-37C6BB3011A2}.Release|Any CPU.Build.0 = Release|Any CPU
		{99C459C0-1470-42FE-8977-A89C3E12702D}.Debug|Any CPU.ActiveCfg = Debug|Any CPU
		{99C459C0-1470-42FE-8977-A89C3E12702D}.Debug|Any CPU.Build.0 = Debug|Any CPU
		{99C459C0-1470-42FE-8977-A89C3E12702D}.Release|Any CPU.ActiveCfg = Release|Any CPU
		{99C459C0-1470-42FE-8977-A89C3E12702D}.Release|Any CPU.Build.0 = Release|Any CPU
		{00CF0473-F9B3-469F-82E4-7E51908CC087}.Debug|Any CPU.ActiveCfg = Debug|Any CPU
		{00CF0473-F9B3-469F-82E4-7E51908CC087}.Debug|Any CPU.Build.0 = Debug|Any CPU
		{00CF0473-F9B3-469F-82E4-7E51908CC087}.Release|Any CPU.ActiveCfg = Release|Any CPU
		{00CF0473-F9B3-469F-82E4-7E51908CC087}.Release|Any CPU.Build.0 = Release|Any CPU
	EndGlobalSection
	GlobalSection(NestedProjects) = preSolution
		{E3AB22AA-E5EA-4507-874A-A39673CB999A} = {881863CE-3207-4E39-9E32-A27EB3B5570F}
		{6A9604DE-1420-4939-AD62-638C6082E6DC} = {881863CE-3207-4E39-9E32-A27EB3B5570F}
		{FC19F41D-E3BB-49F8-8406-FE3FCEAE755D} = {503E88B0-4D42-4790-8A25-9CB332B0C7F4}
		{CA76CCFE-9A8E-43BB-A121-C554C0EE4003} = {503E88B0-4D42-4790-8A25-9CB332B0C7F4}
		{D28F151C-2870-412B-B3BF-5CC04AB773E3} = {503E88B0-4D42-4790-8A25-9CB332B0C7F4}
		{56350C64-D9F9-40CA-B3CD-D86C19243913} = {B160BB05-7B99-42E1-9D69-4A2705A89DEF}
		{1985D6C8-1869-4A35-AF56-5CCFFFD691E3} = {B160BB05-7B99-42E1-9D69-4A2705A89DEF}
		{BD3A60A0-8373-4512-8C56-AD5E4AB1B1B1} = {56350C64-D9F9-40CA-B3CD-D86C19243913}
		{D2EA13C2-D6C2-4F99-9BF6-37C6BB3011A2} = {56350C64-D9F9-40CA-B3CD-D86C19243913}
		{99C459C0-1470-42FE-8977-A89C3E12702D} = {1985D6C8-1869-4A35-AF56-5CCFFFD691E3}
		{00CF0473-F9B3-469F-82E4-7E51908CC087} = {1985D6C8-1869-4A35-AF56-5CCFFFD691E3}
	EndGlobalSection
EndGlobal
